lockfileVersion: 5.3

specifiers:
  picocolors: ^1.0.0
  sade: ^1.8.1
  uvu: ^0.5.3

dependencies:
  picocolors: 1.0.0
  sade: 1.8.1

devDependencies:
  uvu: 0.5.3

packages:

  /dequal/2.0.2:
    resolution: {integrity: sha512-q9K8BlJVxK7hQYqa6XISGmBZbtQQWVXSrRrWreHC94rMt1QL/Impruc+7p2CYSYuVIUr+YCt6hjrs1kkdJRTug==}
    engines: {node: '>=6'}
    dev: true

  /diff/5.0.0:
    resolution: {integrity: sha512-/VTCrvm5Z0JGty/BWHljh+BAiw3IK+2j87NGMu8Nwc/f48WoDAC395uomO9ZD117ZOBaHmkX1oyLvkVM/aIT3w==}
    engines: {node: '>=0.3.1'}
    dev: true

  /kleur/4.1.4:
    resolution: {integrity: sha512-8QADVssbrFjivHWQU7KkMgptGTl6WAcSdlbBPY4uNF+mWr6DGcKrvY2w4FQJoXch7+fKMjj0dRrL75vk3k23OA==}
    engines: {node: '>=6'}
    dev: true

  /mri/1.2.0:
    resolution: {integrity: sha512-tzzskb3bG8LvYGFF/mDTpq3jpI6Q9wc3LEmBaghu+DdCssd1FakN7Bc0hVNmEyGq1bq3RgfkCb3cmQLpNPOroA==}
    engines: {node: '>=4'}

  /picocolors/1.0.0:
    resolution: {integrity: sha512-1fygroTLlHu66zi26VoTDv8yRgm0Fccecssto+MhsZ0D/DGW2sm8E8AjW7NU5VVTRt5GxbeZ5qBuJr+HyLYkjQ==}
    dev: false

  /sade/1.8.1:
    resolution: {integrity: sha512-xal3CZX1Xlo/k4ApwCFrHVACi9fBqJ7V+mwhBsuf/1IOKbBy098Fex+Wa/5QMubw09pSZ/u8EY8PWgevJsXp1A==}
    engines: {node: '>=6'}
    dependencies:
      mri: 1.2.0

  /uvu/0.5.3:
    resolution: {integrity: sha512-brFwqA3FXzilmtnIyJ+CxdkInkY/i4ErvP7uV0DnUVxQcQ55reuHphorpF+tZoVHK2MniZ/VJzI7zJQoc9T9Yw==}
    engines: {node: '>=8'}
    hasBin: true
    dependencies:
      dequal: 2.0.2
      diff: 5.0.0
      kleur: 4.1.4
      sade: 1.8.1
    dev: true
