lockfileVersion: 5.3

importers:

  .:
    specifiers: {}

  pkg:
    specifiers:
      picocolors: ^1.0.0
      sade: ^1.8.1
      uvu: ^0.5.3
    dependencies:
      picocolors: 1.0.0
      sade: 1.8.1
    devDependencies:
      uvu: 0.5.3

  site:
    specifiers:
      '@sveltejs/vite-plugin-svelte': ^1.0.0-next.41
      '@unocss/core': ^0.30.12
      '@unocss/preset-uno': ^0.30.12
      '@unocss/vite': ^0.30.12
      js-untar: ^2.0.0
      pako: ^2.0.4
      publint: workspace:*
      svelte: ^3.46.6
      vite: ^2.9.1
    dependencies:
      js-untar: 2.0.0
      pako: 2.0.4
      publint: link:../pkg
    devDependencies:
      '@sveltejs/vite-plugin-svelte': 1.0.0-next.41_svelte@3.46.6+vite@2.9.1
      '@unocss/core': 0.30.12
      '@unocss/preset-uno': 0.30.12
      '@unocss/vite': 0.30.12
      svelte: 3.46.6
      vite: 2.9.1

  worker:
    specifiers:
      miniflare: ^2.4.0
    devDependencies:
      miniflare: 2.4.0

packages:

  /@antfu/utils/0.5.0:
    resolution: {integrity: sha512-MrAQ/MrPSxbh1bBrmwJjORfJymw4IqSHFBXqvxaga3ZdDM+/zokYF8DjyJpSjY2QmpmgQrajDUBJOWrYeARfzA==}
    dev: true

  /@iarna/toml/2.2.5:
    resolution: {integrity: sha512-trnsAYxU3xnS1gPHPyU961coFyLkh4gAD/0zQ5mymY4yOZ+CYvsPqUbOFSw0aDM4y0tV7tiFxL/1XfXPNC6IPg==}
    dev: true

  /@miniflare/cache/2.4.0:
    resolution: {integrity: sha512-tMDXlUVlThgFubJmlxZoKmLK8kBxDmuMbVMt7csHpXegzkuo2TmIsDqBE/C3CRiJ5xeCQgpD6iZtKBu5Zn5fRA==}
    engines: {node: '>=16.7'}
    dependencies:
      '@miniflare/core': 2.4.0
      '@miniflare/shared': 2.4.0
      http-cache-semantics: 4.1.0
      undici: 4.13.0
    dev: true

  /@miniflare/cli-parser/2.4.0:
    resolution: {integrity: sha512-Xr5lO8f+oIr9r/b2dfo0on1p0MNN+pkwRHWoY5ACSnp9FaGnwm/g71DM7AajIQPIk0TpRsSVNDx8Ygj1LPT+sQ==}
    engines: {node: '>=16.7'}
    dependencies:
      '@miniflare/shared': 2.4.0
      kleur: 4.1.4
    dev: true

  /@miniflare/core/2.4.0:
    resolution: {integrity: sha512-vYl8xaWTFzxtkbzx3IkT4Py0OAFdfmFnVo627O1HKHWVGlkjVr8UKtxBpIR+f5pq/HCMzzqA1HM9FXO0dQfy3A==}
    engines: {node: '>=16.7'}
    dependencies:
      '@iarna/toml': 2.2.5
      '@miniflare/shared': 2.4.0
      '@miniflare/watcher': 2.4.0
      busboy: 0.3.1
      dotenv: 10.0.0
      kleur: 4.1.4
      set-cookie-parser: 2.4.8
      undici: 4.13.0
    dev: true

  /@miniflare/durable-objects/2.4.0:
    resolution: {integrity: sha512-VVLaUXXcAQcYE/3YmDLTacZf5OzR8bib6q1T9NqVb0uK5sLMQqyHvQdsG5rMqs7iyxfJxyZ0bL2OW9XGALOkoQ==}
    engines: {node: '>=16.7'}
    dependencies:
      '@miniflare/core': 2.4.0
      '@miniflare/shared': 2.4.0
      '@miniflare/storage-memory': 2.4.0
      undici: 4.13.0
    dev: true

  /@miniflare/html-rewriter/2.4.0:
    resolution: {integrity: sha512-ZG8819N7LelDD+8+Ss5FZpVyQQq/V2igod0qE68JK4he/w4/yn57Rk6Efb49y15HoHAXl2RpCCsnCyIow/Xjug==}
    engines: {node: '>=16.7'}
    dependencies:
      '@miniflare/core': 2.4.0
      '@miniflare/shared': 2.4.0
      html-rewriter-wasm: 0.4.1
      undici: 4.13.0
    dev: true

  /@miniflare/http-server/2.4.0:
    resolution: {integrity: sha512-r6Z/nqxE0oa1z63L95yvnG0PUeLRxZOeGS7ADxZMFKan4WD5lvYtSKDuDEm0lkbQshCOHQ3uXFr0cotOm8JoMQ==}
    engines: {node: '>=16.7'}
    dependencies:
      '@miniflare/core': 2.4.0
      '@miniflare/shared': 2.4.0
      '@miniflare/web-sockets': 2.4.0
      kleur: 4.1.4
      selfsigned: 2.0.1
      undici: 4.13.0
      ws: 8.5.0
      youch: 2.2.2
    transitivePeerDependencies:
      - bufferutil
      - utf-8-validate
    dev: true

  /@miniflare/kv/2.4.0:
    resolution: {integrity: sha512-1UW7f1386xR6EDEXNZOR1TpFwQfRRSxUPqD6m/U0WprlsbM0cIYGz+AUeaVbkFf8lfE2MeXCUrjbWsLOvsnw3g==}
    engines: {node: '>=16.7'}
    dependencies:
      '@miniflare/shared': 2.4.0
    dev: true

  /@miniflare/runner-vm/2.4.0:
    resolution: {integrity: sha512-7sdwBYzXQTwYeR3tTvQ+vJfzc7BXwqR8AUPK9l5gvCtg+Geq9sMslr5SikIJpgcvbYqKDjvC9DQEPJ3sqr9cSQ==}
    engines: {node: '>=16.7'}
    dependencies:
      '@miniflare/shared': 2.4.0
    dev: true

  /@miniflare/scheduler/2.4.0:
    resolution: {integrity: sha512-dfMCXoAS8Y+3xABNxYju62I2xIBS54Op7ohCHoatvAM5RvualJUPICEMPZzX6/z29q5xPIeSLhLDhl/asAQ19w==}
    engines: {node: '>=16.7'}
    dependencies:
      '@miniflare/core': 2.4.0
      '@miniflare/shared': 2.4.0
      cron-schedule: 3.0.5
    dev: true

  /@miniflare/shared/2.4.0:
    resolution: {integrity: sha512-lPQFzBUVGNQ93gQ/dliToWnO0OqAgsD3/902Pd/IixVSRwRj3BTnYv2dHMUKZcODBPrhnbqZeqcPWdBLzEx8uw==}
    engines: {node: '>=16.7'}
    dependencies:
      ignore: 5.2.0
      kleur: 4.1.4
    dev: true

  /@miniflare/sites/2.4.0:
    resolution: {integrity: sha512-YZy/TujnR1lkBvCncDDQ8tsWsXRE4JJ4x9a0bKN/XnZh7r6OhDM0sw4BFcBQhT6Ukdtttam1O3FlJxnMitrDGg==}
    engines: {node: '>=16.7'}
    dependencies:
      '@miniflare/kv': 2.4.0
      '@miniflare/shared': 2.4.0
      '@miniflare/storage-file': 2.4.0
    dev: true

  /@miniflare/storage-file/2.4.0:
    resolution: {integrity: sha512-f1AUMz8xps/4VhNJMb8JeCevZFeU4pg2lIWmC11gG4xeq2nibTPBi6Qtx594Le7ZKij/tF6rRsoNfGau2Q5gdw==}
    engines: {node: '>=16.7'}
    dependencies:
      '@miniflare/shared': 2.4.0
      '@miniflare/storage-memory': 2.4.0
    dev: true

  /@miniflare/storage-memory/2.4.0:
    resolution: {integrity: sha512-mhWwgHhDNtEa7y1bYbdVucV0lqUmzagYXUSppAdSGS5JPyJMyw3HseqRNTk6gC/vKlvEYlFf3ugWcREGCedr9A==}
    engines: {node: '>=16.7'}
    dependencies:
      '@miniflare/shared': 2.4.0
    dev: true

  /@miniflare/watcher/2.4.0:
    resolution: {integrity: sha512-gDQRUxwOjmctvowyd4Hcdy3fjxz3ERKzirp6TvA3AWUohKZk3IhwGlaA8aCwbdP+ELYQlG5wK44AfLSGi956fg==}
    engines: {node: '>=16.7'}
    dependencies:
      '@miniflare/shared': 2.4.0
    dev: true

  /@miniflare/web-sockets/2.4.0:
    resolution: {integrity: sha512-cz/cN0GoQOXRLh80UmlcEJODPIw2ijKBK3PLRzvfTzqQ5avK6wp2M8Fj8C/5JIT6g7siwvBANyKXD3U3RpKGHQ==}
    engines: {node: '>=16.7'}
    dependencies:
      '@miniflare/core': 2.4.0
      '@miniflare/shared': 2.4.0
      undici: 4.13.0
      ws: 8.5.0
    transitivePeerDependencies:
      - bufferutil
      - utf-8-validate
    dev: true

  /@polka/url/1.0.0-next.21:
    resolution: {integrity: sha512-a5Sab1C4/icpTZVzZc5Ghpz88yQtGOyNqYXcZgOssB2uuAr+wF/MvN6bgtW32q7HHrvBki+BsZ0OuNv6EV3K9g==}
    dev: true

  /@rollup/pluginutils/4.2.0:
    resolution: {integrity: sha512-2WUyJNRkyH5p487pGnn4tWAsxhEFKN/pT8CMgHshd5H+IXkOnKvKZwsz5ZWz+YCXkleZRAU5kwbfgF8CPfDRqA==}
    engines: {node: '>= 8.0.0'}
    dependencies:
      estree-walker: 2.0.2
      picomatch: 2.3.1
    dev: true

  /@sveltejs/vite-plugin-svelte/1.0.0-next.41_svelte@3.46.6+vite@2.9.1:
    resolution: {integrity: sha512-2kZ49mpi/YW1PIPvKaJNSSwIFgmw9QUf1+yaNa4U8yJD6AsfSHXAU3goscWbi1jfWnSg2PhvwAf+bvLCdp2F9g==}
    engines: {node: ^14.13.1 || >= 16}
    peerDependencies:
      diff-match-patch: ^1.0.5
      svelte: ^3.44.0
      vite: ^2.9.0
    peerDependenciesMeta:
      diff-match-patch:
        optional: true
    dependencies:
      '@rollup/pluginutils': 4.2.0
      debug: 4.3.4
      kleur: 4.1.4
      magic-string: 0.26.1
      svelte: 3.46.6
      svelte-hmr: 0.14.11_svelte@3.46.6
      vite: 2.9.1
    transitivePeerDependencies:
      - supports-color
    dev: true

  /@types/stack-trace/0.0.29:
    resolution: {integrity: sha512-TgfOX+mGY/NyNxJLIbDWrO9DjGoVSW9+aB8H2yy1fy32jsvxijhmyJI9fDFgvz3YP4lvJaq9DzdR/M1bOgVc9g==}
    dev: true

  /@unocss/config/0.30.12:
    resolution: {integrity: sha512-rF27JNYBHbxyOVKJiDDcyLMyXXQQeuO9VSv80SYFxgwRDY6gWDkorBcvVi21DHLCxLDttI6jBebfv7vEAkx9kw==}
    engines: {node: '>=14'}
    dependencies:
      '@unocss/core': 0.30.12
      unconfig: 0.3.2
    dev: true

  /@unocss/core/0.30.12:
    resolution: {integrity: sha512-uxtLVT59ryp/h4I5QgcN4il+5MOEEfzf0M0FxzxYAiizO3cBLNCmCfPKo0Sp5VWCgWDrBFtyEEVP7G6lDOin/w==}
    dev: true

  /@unocss/inspector/0.30.12:
    resolution: {integrity: sha512-hsKLsJAvL+gX7EFirErwPHey1VfNJLHuLwLBwtaqHiroClu2y8SYlXklRUK7nbyNXm//vPR/Oyc/z5PGi/TXqQ==}
    dependencies:
      gzip-size: 6.0.0
      sirv: 2.0.2
    dev: true

  /@unocss/preset-mini/0.30.12:
    resolution: {integrity: sha512-4R9Pd0ZInq5HbW1a/H74AVoiCiTiaff79zuCUz8T/R/yOeoSfZuDjUgPFJrlRUyWLTIKxwi2DxGEfkN3AfQIGg==}
    dependencies:
      '@unocss/core': 0.30.12
    dev: true

  /@unocss/preset-uno/0.30.12:
    resolution: {integrity: sha512-oJ+XO2uSOGdlxpdCs+1ijSOlWnL6xFOK0YuZrT66NsWezM1jwahoxbBOdUAKAwR5DZt6lHxC9o+MkUJfEpEdZw==}
    dependencies:
      '@unocss/core': 0.30.12
      '@unocss/preset-mini': 0.30.12
      '@unocss/preset-wind': 0.30.12
    dev: true

  /@unocss/preset-wind/0.30.12:
    resolution: {integrity: sha512-RvPgWz0nJ1iHAdB/zto3+nMDxPsP15fKyrxDBKIq/LOztaWnriwxr/IIPW3EP5rJC4CWUi8tcUBXvqXb1v8DUw==}
    dependencies:
      '@unocss/core': 0.30.12
      '@unocss/preset-mini': 0.30.12
    dev: true

  /@unocss/scope/0.30.12:
    resolution: {integrity: sha512-f/l/yWuPfWpRrcV3aJVKXf0MvTwyHu4qBlYDTDXa50nbfQTxNmaYW09bUsf4kobl0jwlLuZ5KAWt5iMltuJwPw==}
    dev: true

  /@unocss/transformer-directives/0.30.12:
    resolution: {integrity: sha512-+VqqkkDpnwwqaqxaI6MIS2vlG+IqtVg1WQIL00IJLKzT2vLd1rvZJ9ElIR6JzjfYuGwzkwLrMNUcQY0XyOUiJQ==}
    dependencies:
      '@unocss/core': 0.30.12
      css-tree: 2.1.0
    dev: true

  /@unocss/vite/0.30.12:
    resolution: {integrity: sha512-1XInn1ovPtLVGA+6xKEYI/yf5wlO3EVY85x1SJsi0aTqssd2YaD7LzLk9X+4lUbiTUKbF7cZ51UAmY69/W9TxA==}
    dependencies:
      '@rollup/pluginutils': 4.2.0
      '@unocss/config': 0.30.12
      '@unocss/core': 0.30.12
      '@unocss/inspector': 0.30.12
      '@unocss/scope': 0.30.12
      '@unocss/transformer-directives': 0.30.12
      magic-string: 0.26.1
    dev: true

  /buffer-from/1.1.2:
    resolution: {integrity: sha512-E+XQCRwSbaaiChtv6k6Dwgc+bx+Bs6vuKJHHl5kox/BaKbhiXzqQOwK4cO22yElGp2OCmjwVhT3HmxgyPGnJfQ==}
    dev: true

  /busboy/0.3.1:
    resolution: {integrity: sha512-y7tTxhGKXcyBxRKAni+awqx8uqaJKrSFSNFSeRG5CsWNdmy2BIK+6VGWEW7TZnIO/533mtMEA4rOevQV815YJw==}
    engines: {node: '>=4.5.0'}
    dependencies:
      dicer: 0.3.0
    dev: true

  /cookie/0.4.2:
    resolution: {integrity: sha512-aSWTXFzaKWkvHO1Ny/s+ePFpvKsPnjc551iI41v3ny/ow6tBG5Vd+FuqGNhh1LxOmVzOlGUriIlOaokOvhaStA==}
    engines: {node: '>= 0.6'}
    dev: true

  /cron-schedule/3.0.5:
    resolution: {integrity: sha512-YjtB4jy7RJEX8j9GokHp+y8S/ihCHjrD2Z3E13LSGP/+G0Sdv+MEKsZu5wPLLWwW1HQc4HwpGMFU3GUTStZTaA==}
    dev: true

  /css-tree/2.1.0:
    resolution: {integrity: sha512-PcysZRzToBbrpoUrZ9qfblRIRf8zbEAkU0AIpQFtgkFK0vSbzOmBCvdSAx2Zg7Xx5wiYJKUKk0NMP7kxevie/A==}
    engines: {node: ^10 || ^12.20.0 || ^14.13.0 || >=15.0.0, npm: '>=7.0.0'}
    dependencies:
      mdn-data: 2.0.27
      source-map-js: 1.0.2
    dev: true

  /debug/4.3.4:
    resolution: {integrity: sha512-PRWFHuSU3eDtQJPvnNY7Jcket1j0t5OuOsFzPPzsekD52Zl8qUfFIPEiswXqIvHWGVHOgX+7G/vCNNhehwxfkQ==}
    engines: {node: '>=6.0'}
    peerDependencies:
      supports-color: '*'
    peerDependenciesMeta:
      supports-color:
        optional: true
    dependencies:
      ms: 2.1.2
    dev: true

  /defu/5.0.1:
    resolution: {integrity: sha512-EPS1carKg+dkEVy3qNTqIdp2qV7mUP08nIsupfwQpz++slCVRw7qbQyWvSTig+kFPwz2XXp5/kIIkH+CwrJKkQ==}
    dev: true

  /dequal/2.0.2:
    resolution: {integrity: sha512-q9K8BlJVxK7hQYqa6XISGmBZbtQQWVXSrRrWreHC94rMt1QL/Impruc+7p2CYSYuVIUr+YCt6hjrs1kkdJRTug==}
    engines: {node: '>=6'}
    dev: true

  /dicer/0.3.0:
    resolution: {integrity: sha512-MdceRRWqltEG2dZqO769g27N/3PXfcKl04VhYnBlo2YhH7zPi88VebsjTKclaOyiuMaGU72hTfw3VkUitGcVCA==}
    engines: {node: '>=4.5.0'}
    dependencies:
      streamsearch: 0.1.2
    dev: true

  /diff/5.0.0:
    resolution: {integrity: sha512-/VTCrvm5Z0JGty/BWHljh+BAiw3IK+2j87NGMu8Nwc/f48WoDAC395uomO9ZD117ZOBaHmkX1oyLvkVM/aIT3w==}
    engines: {node: '>=0.3.1'}
    dev: true

  /dotenv/10.0.0:
    resolution: {integrity: sha512-rlBi9d8jpv9Sf1klPjNfFAuWDjKLwTIJJ/VxtoTwIR6hnZxcEOQCZg2oIL3MWBYw5GpUDKOEnND7LXTbIpQ03Q==}
    engines: {node: '>=10'}
    dev: true

  /duplexer/0.1.2:
    resolution: {integrity: sha512-jtD6YG370ZCIi/9GTaJKQxWTZD045+4R4hTk/x1UyoqadyJ9x9CgSi1RlVDQF8U2sxLLSnFkCaMihqljHIWgMg==}
    dev: true

  /esbuild-android-64/0.14.34:
    resolution: {integrity: sha512-XfxcfJqmMYsT/LXqrptzFxmaR3GWzXHDLdFNIhm6S00zPaQF1TBBWm+9t0RZ6LRR7iwH57DPjaOeW20vMqI4Yw==}
    engines: {node: '>=12'}
    cpu: [x64]
    os: [android]
    requiresBuild: true
    dev: true
    optional: true

  /esbuild-android-arm64/0.14.34:
    resolution: {integrity: sha512-T02+NXTmSRL1Mc6puz+R9CB54rSPICkXKq6+tw8B6vxZFnCPzbJxgwIX4kcluz9p8nYBjF3+lSilTGWb7+Xgew==}
    engines: {node: '>=12'}
    cpu: [arm64]
    os: [android]
    requiresBuild: true
    dev: true
    optional: true

  /esbuild-darwin-64/0.14.34:
    resolution: {integrity: sha512-pLRip2Bh4Ng7Bf6AMgCrSp3pPe/qZyf11h5Qo2mOfJqLWzSVjxrXW+CFRJfrOVP7TCnh/gmZSM2AFdCPB72vtw==}
    engines: {node: '>=12'}
    cpu: [x64]
    os: [darwin]
    requiresBuild: true
    dev: true
    optional: true

  /esbuild-darwin-arm64/0.14.34:
    resolution: {integrity: sha512-vpidSJEBxx6lf1NWgXC+DCmGqesJuZ5Y8aQVVsaoO4i8tRXbXb0whChRvop/zd3nfNM4dIl5EXAky0knRX5I6w==}
    engines: {node: '>=12'}
    cpu: [arm64]
    os: [darwin]
    requiresBuild: true
    dev: true
    optional: true

  /esbuild-freebsd-64/0.14.34:
    resolution: {integrity: sha512-m0HBjePhe0hAQJgtMRMNV9kMgIyV4/qSnzPx42kRMQBcPhgjAq1JRu4Il26czC+9FgpMbFkUktb07f/Lwnc6CA==}
    engines: {node: '>=12'}
    cpu: [x64]
    os: [freebsd]
    requiresBuild: true
    dev: true
    optional: true

  /esbuild-freebsd-arm64/0.14.34:
    resolution: {integrity: sha512-cpRc2B94L1KvMPPYB4D6G39jLqpKlD3noAMY4/e86iXXXkhUYJJEtTuyNFTa9JRpWM0xCAp4mxjHjoIiLuoCLA==}
    engines: {node: '>=12'}
    cpu: [arm64]
    os: [freebsd]
    requiresBuild: true
    dev: true
    optional: true

  /esbuild-linux-32/0.14.34:
    resolution: {integrity: sha512-8nQaEaoW7MH/K/RlozJa+lE1ejHIr8fuPIHhc513UebRav7HtXgQvxHQ6VZRUkWtep23M6dd7UqhwO1tMOfzQQ==}
    engines: {node: '>=12'}
    cpu: [ia32]
    os: [linux]
    requiresBuild: true
    dev: true
    optional: true

  /esbuild-linux-64/0.14.34:
    resolution: {integrity: sha512-Y3of4qQoLLlAgf042MlrY1P+7PnN9zWj8nVtw9XQG5hcLOZLz7IKpU35oeu7n4wvyaZHwvQqDJ93gRLqdJekcQ==}
    engines: {node: '>=12'}
    cpu: [x64]
    os: [linux]
    requiresBuild: true
    dev: true
    optional: true

  /esbuild-linux-arm/0.14.34:
    resolution: {integrity: sha512-9lpq1NcJqssAF7alCO6zL3gvBVVt/lKw4oetUM7OgNnRX0OWpB+ZIO9FwCrSj/dMdmgDhPLf+119zB8QxSMmAg==}
    engines: {node: '>=12'}
    cpu: [arm]
    os: [linux]
    requiresBuild: true
    dev: true
    optional: true

  /esbuild-linux-arm64/0.14.34:
    resolution: {integrity: sha512-IlWaGtj9ir7+Nrume1DGcyzBDlK8GcnJq0ANKwcI9pVw8tqr+6GD0eqyF9SF1mR8UmAp+odrx1H5NdR2cHdFHA==}
    engines: {node: '>=12'}
    cpu: [arm64]
    os: [linux]
    requiresBuild: true
    dev: true
    optional: true

  /esbuild-linux-mips64le/0.14.34:
    resolution: {integrity: sha512-k3or+01Rska1AjUyNjA4buEwB51eyN/xPQAoOx1CjzAQC3l8rpjUDw55kXyL63O/1MUi4ISvtNtl8gLwdyEcxw==}
    engines: {node: '>=12'}
    cpu: [mips64el]
    os: [linux]
    requiresBuild: true
    dev: true
    optional: true

  /esbuild-linux-ppc64le/0.14.34:
    resolution: {integrity: sha512-+qxb8M9FfM2CJaVU7GgYpJOHM1ngQOx+/VrtBjb4C8oVqaPcESCeg2anjl+HRZy8VpYc71q/iBYausPPbJ+Keg==}
    engines: {node: '>=12'}
    cpu: [ppc64]
    os: [linux]
    requiresBuild: true
    dev: true
    optional: true

  /esbuild-linux-riscv64/0.14.34:
    resolution: {integrity: sha512-Y717ltBdQ5j5sZIHdy1DV9kieo0wMip0dCmVSTceowCPYSn1Cg33Kd6981+F/3b9FDMzNWldZFOBRILViENZSA==}
    engines: {node: '>=12'}
    cpu: [riscv64]
    os: [linux]
    requiresBuild: true
    dev: true
    optional: true

  /esbuild-linux-s390x/0.14.34:
    resolution: {integrity: sha512-bDDgYO4LhL4+zPs+WcBkXph+AQoPcQRTv18FzZS0WhjfH8TZx2QqlVPGhmhZ6WidrY+jKthUqO6UhGyIb4MpmA==}
    engines: {node: '>=12'}
    cpu: [s390x]
    os: [linux]
    requiresBuild: true
    dev: true
    optional: true

  /esbuild-netbsd-64/0.14.34:
    resolution: {integrity: sha512-cfaFGXdRt0+vHsjNPyF0POM4BVSHPSbhLPe8mppDc7GDDxjIl08mV1Zou14oDWMp/XZMjYN1kWYRSfftiD0vvQ==}
    engines: {node: '>=12'}
    cpu: [x64]
    os: [netbsd]
    requiresBuild: true
    dev: true
    optional: true

  /esbuild-openbsd-64/0.14.34:
    resolution: {integrity: sha512-vmy9DxXVnRiI14s8GKuYBtess+EVcDALkbpTqd5jw4XITutIzyB7n4x0Tj5utAkKsgZJB22lLWGekr0ABnSLow==}
    engines: {node: '>=12'}
    cpu: [x64]
    os: [openbsd]
    requiresBuild: true
    dev: true
    optional: true

  /esbuild-sunos-64/0.14.34:
    resolution: {integrity: sha512-eNPVatNET1F7tRMhii7goL/eptfxc0ALRjrj9SPFNqp0zmxrehBFD6BaP3R4LjMn6DbMO0jOAnTLFKr8NqcJAA==}
    engines: {node: '>=12'}
    cpu: [x64]
    os: [sunos]
    requiresBuild: true
    dev: true
    optional: true

  /esbuild-windows-32/0.14.34:
    resolution: {integrity: sha512-EFhpXyHEcnqWYe2rAHFd8dRw8wkrd9U+9oqcyoEL84GbanAYjiiIjBZsnR8kl0sCQ5w6bLpk7vCEIA2VS32Vcg==}
    engines: {node: '>=12'}
    cpu: [ia32]
    os: [win32]
    requiresBuild: true
    dev: true
    optional: true

  /esbuild-windows-64/0.14.34:
    resolution: {integrity: sha512-a8fbl8Ky7PxNEjf1aJmtxdDZj32/hC7S1OcA2ckEpCJRTjiKslI9vAdPpSjrKIWhws4Galpaawy0nB7fjHYf5Q==}
    engines: {node: '>=12'}
    cpu: [x64]
    os: [win32]
    requiresBuild: true
    dev: true
    optional: true

  /esbuild-windows-arm64/0.14.34:
    resolution: {integrity: sha512-EYvmKbSa2B3sPnpC28UEu9jBK5atGV4BaVRE7CYGUci2Hlz4AvtV/LML+TcDMT6gBgibnN2gcltWclab3UutMg==}
    engines: {node: '>=12'}
    cpu: [arm64]
    os: [win32]
    requiresBuild: true
    dev: true
    optional: true

  /esbuild/0.14.34:
    resolution: {integrity: sha512-QIWdPT/gFF6hCaf4m7kP0cJ+JIuFkdHibI7vVFvu3eJS1HpVmYHWDulyN5WXwbRA0SX/7ZDaJ/1DH8SdY9xOJg==}
    engines: {node: '>=12'}
    hasBin: true
    requiresBuild: true
    optionalDependencies:
      esbuild-android-64: 0.14.34
      esbuild-android-arm64: 0.14.34
      esbuild-darwin-64: 0.14.34
      esbuild-darwin-arm64: 0.14.34
      esbuild-freebsd-64: 0.14.34
      esbuild-freebsd-arm64: 0.14.34
      esbuild-linux-32: 0.14.34
      esbuild-linux-64: 0.14.34
      esbuild-linux-arm: 0.14.34
      esbuild-linux-arm64: 0.14.34
      esbuild-linux-mips64le: 0.14.34
      esbuild-linux-ppc64le: 0.14.34
      esbuild-linux-riscv64: 0.14.34
      esbuild-linux-s390x: 0.14.34
      esbuild-netbsd-64: 0.14.34
      esbuild-openbsd-64: 0.14.34
      esbuild-sunos-64: 0.14.34
      esbuild-windows-32: 0.14.34
      esbuild-windows-64: 0.14.34
      esbuild-windows-arm64: 0.14.34
    dev: true

  /estree-walker/2.0.2:
    resolution: {integrity: sha512-Rfkk/Mp/DL7JVje3u18FxFujQlTNR2q6QfMSMB7AvCBx91NGj/ba3kCfza0f6dVDbw7YlRf/nDrn7pQrCCyQ/w==}
    dev: true

  /fsevents/2.3.2:
    resolution: {integrity: sha512-xiqMQR4xAeHTuB9uWm+fFRcIOgKBMiOBP+eXiyT7jsgVCq1bkVygt00oASowB7EdtpOHaaPgKt812P9ab+DDKA==}
    engines: {node: ^8.16.0 || ^10.6.0 || >=11.0.0}
    os: [darwin]
    requiresBuild: true
    dev: true
    optional: true

  /function-bind/1.1.1:
    resolution: {integrity: sha512-yIovAzMX49sF8Yl58fSCWJ5svSLuaibPxXQJFLmBObTuCr0Mf1KiPopGM9NiFjiYBCbfaa2Fh6breQ6ANVTI0A==}
    dev: true

  /gzip-size/6.0.0:
    resolution: {integrity: sha512-ax7ZYomf6jqPTQ4+XCpUGyXKHk5WweS+e05MBO4/y3WJ5RkmPXNKvX+bx1behVILVwr6JSQvZAku021CHPXG3Q==}
    engines: {node: '>=10'}
    dependencies:
      duplexer: 0.1.2
    dev: true

  /has/1.0.3:
    resolution: {integrity: sha512-f2dvO0VU6Oej7RkWJGrehjbzMAjFp5/VKPp5tTpWIV4JHHZK1/BxbFRtf/siA2SWTe09caDmVtYYzWEIbBS4zw==}
    engines: {node: '>= 0.4.0'}
    dependencies:
      function-bind: 1.1.1
    dev: true

  /html-rewriter-wasm/0.4.1:
    resolution: {integrity: sha512-lNovG8CMCCmcVB1Q7xggMSf7tqPCijZXaH4gL6iE8BFghdQCbaY5Met9i1x2Ex8m/cZHDUtXK9H6/znKamRP8Q==}
    dev: true

  /http-cache-semantics/4.1.0:
    resolution: {integrity: sha512-carPklcUh7ROWRK7Cv27RPtdhYhUsela/ue5/jKzjegVvXDqM2ILE9Q2BGn9JZJh1g87cp56su/FgQSzcWS8cQ==}
    dev: true

  /ignore/5.2.0:
    resolution: {integrity: sha512-CmxgYGiEPCLhfLnpPp1MoRmifwEIOgjcHXxOBjv7mY96c+eWScsOP9c112ZyLdWHi0FxHjI+4uVhKYp/gcdRmQ==}
    engines: {node: '>= 4'}
    dev: true

  /is-core-module/2.8.1:
    resolution: {integrity: sha512-SdNCUs284hr40hFTFP6l0IfZ/RSrMXF3qgoRHd3/79unUTvrFO/JoXwkGm+5J/Oe3E/b5GsnG330uUNgRpu1PA==}
    dependencies:
      has: 1.0.3
    dev: true

  /jiti/1.13.0:
    resolution: {integrity: sha512-/n9mNxZj/HDSrincJ6RP+L+yXbpnB8FybySBa+IjIaoH9FIxBbrbRT5XUbe8R7zuVM2AQqNMNDDqz0bzx3znOQ==}
    hasBin: true
    dev: true

  /js-untar/2.0.0:
    resolution: {integrity: sha512-7CsDLrYQMbLxDt2zl9uKaPZSdmJMvGGQ7wo9hoB3J+z/VcO2w63bXFgHVnjF1+S9wD3zAu8FBVj7EYWjTQ3Z7g==}
    dev: false

  /kleur/4.1.4:
    resolution: {integrity: sha512-8QADVssbrFjivHWQU7KkMgptGTl6WAcSdlbBPY4uNF+mWr6DGcKrvY2w4FQJoXch7+fKMjj0dRrL75vk3k23OA==}
    engines: {node: '>=6'}
    dev: true

  /magic-string/0.26.1:
    resolution: {integrity: sha512-ndThHmvgtieXe8J/VGPjG+Apu7v7ItcD5mhEIvOscWjPF/ccOiLxHaSuCAS2G+3x4GKsAbT8u7zdyamupui8Tg==}
    engines: {node: '>=12'}
    dependencies:
      sourcemap-codec: 1.4.8
    dev: true

  /mdn-data/2.0.27:
    resolution: {integrity: sha512-kwqO0I0jtWr25KcfLm9pia8vLZ8qoAKhWZuZMbneJq3jjBD3gl5nZs8l8Tu3ZBlBAHVQtDur9rdDGyvtfVraHQ==}
    dev: true

  /miniflare/2.4.0:
    resolution: {integrity: sha512-xOBL/dQsUL95rxIYO+KrrVPPpm2TAf6TKl4AvhcjSfUeVkzDWd/y9f7hXCt8x6srDoK0Z2LpYouatvSfSUzGOw==}
    engines: {node: '>=16.7'}
    hasBin: true
    peerDependencies:
      '@miniflare/storage-redis': 2.4.0
      cron-schedule: ^3.0.4
      ioredis: ^4.27.9
    peerDependenciesMeta:
      '@miniflare/storage-redis':
        optional: true
      cron-schedule:
        optional: true
      ioredis:
        optional: true
    dependencies:
      '@miniflare/cache': 2.4.0
      '@miniflare/cli-parser': 2.4.0
      '@miniflare/core': 2.4.0
      '@miniflare/durable-objects': 2.4.0
      '@miniflare/html-rewriter': 2.4.0
      '@miniflare/http-server': 2.4.0
      '@miniflare/kv': 2.4.0
      '@miniflare/runner-vm': 2.4.0
      '@miniflare/scheduler': 2.4.0
      '@miniflare/shared': 2.4.0
      '@miniflare/sites': 2.4.0
      '@miniflare/storage-file': 2.4.0
      '@miniflare/storage-memory': 2.4.0
      '@miniflare/web-sockets': 2.4.0
      kleur: 4.1.4
      semiver: 1.1.0
      source-map-support: 0.5.21
      undici: 4.13.0
    transitivePeerDependencies:
      - bufferutil
      - utf-8-validate
    dev: true

  /mri/1.2.0:
    resolution: {integrity: sha512-tzzskb3bG8LvYGFF/mDTpq3jpI6Q9wc3LEmBaghu+DdCssd1FakN7Bc0hVNmEyGq1bq3RgfkCb3cmQLpNPOroA==}
    engines: {node: '>=4'}

  /mrmime/1.0.0:
    resolution: {integrity: sha512-a70zx7zFfVO7XpnQ2IX1Myh9yY4UYvfld/dikWRnsXxbyvMcfz+u6UfgNAtH+k2QqtJuzVpv6eLTx1G2+WKZbQ==}
    engines: {node: '>=10'}
    dev: true

  /ms/2.1.2:
    resolution: {integrity: sha512-sGkPx+VjMtmA6MX27oA4FBFELFCZZ4S4XqeGOXCv68tT+jb3vk/RyaKWP0PTKyWtmLSM0b+adUTEvbs1PEaH2w==}
    dev: true

  /mustache/4.2.0:
    resolution: {integrity: sha512-71ippSywq5Yb7/tVYyGbkBggbU8H3u5Rz56fH60jGFgr8uHwxs+aSKeqmluIVzM0m0kB7xQjKS6qPfd0b2ZoqQ==}
    hasBin: true
    dev: true

  /nanoid/3.3.2:
    resolution: {integrity: sha512-CuHBogktKwpm5g2sRgv83jEy2ijFzBwMoYA60orPDR7ynsLijJDqgsi4RDGj3OJpy3Ieb+LYwiRmIOGyytgITA==}
    engines: {node: ^10 || ^12 || ^13.7 || ^14 || >=15.0.1}
    hasBin: true
    dev: true

  /node-forge/1.3.1:
    resolution: {integrity: sha512-dPEtOeMvF9VMcYV/1Wb8CPoVAXtp6MKMlcbAt4ddqmGqUJ6fQZFXkNZNkNlfevtNkGtaSoXf/vNNNSvgrdXwtA==}
    engines: {node: '>= 6.13.0'}
    dev: true

  /pako/2.0.4:
    resolution: {integrity: sha512-v8tweI900AUkZN6heMU/4Uy4cXRc2AYNRggVmTR+dEncawDJgCdLMximOVA2p4qO57WMynangsfGRb5WD6L1Bg==}
    dev: false

  /path-parse/1.0.7:
    resolution: {integrity: sha512-LDJzPVEEEPR+y48z93A0Ed0yXb8pAByGWo/k5YYdYgpY2/2EsOsksJrq7lOHxryrVOn1ejG6oAp8ahvOIQD8sw==}
    dev: true

  /picocolors/1.0.0:
    resolution: {integrity: sha512-1fygroTLlHu66zi26VoTDv8yRgm0Fccecssto+MhsZ0D/DGW2sm8E8AjW7NU5VVTRt5GxbeZ5qBuJr+HyLYkjQ==}

  /picomatch/2.3.1:
    resolution: {integrity: sha512-JU3teHTNjmE2VCGFzuY8EXzCDVwEqB2a8fsIvwaStHhAWJEeVd1o1QD80CU6+ZdEXXSLbSsuLwJjkCBWqRQUVA==}
    engines: {node: '>=8.6'}
    dev: true

  /postcss/8.4.12:
    resolution: {integrity: sha512-lg6eITwYe9v6Hr5CncVbK70SoioNQIq81nsaG86ev5hAidQvmOeETBqs7jm43K2F5/Ley3ytDtriImV6TpNiSg==}
    engines: {node: ^10 || ^12 || >=14}
    dependencies:
      nanoid: 3.3.2
      picocolors: 1.0.0
      source-map-js: 1.0.2
    dev: true

  /resolve/1.22.0:
    resolution: {integrity: sha512-Hhtrw0nLeSrFQ7phPp4OOcVjLPIeMnRlr5mcnVuMe7M/7eBn98A3hmFRLoFo3DLZkivSYwhRUJTyPyWAk56WLw==}
    hasBin: true
    dependencies:
      is-core-module: 2.8.1
      path-parse: 1.0.7
      supports-preserve-symlinks-flag: 1.0.0
    dev: true

  /rollup/2.70.1:
    resolution: {integrity: sha512-CRYsI5EuzLbXdxC6RnYhOuRdtz4bhejPMSWjsFLfVM/7w/85n2szZv6yExqUXsBdz5KT8eoubeyDUDjhLHEslA==}
    engines: {node: '>=10.0.0'}
    hasBin: true
    optionalDependencies:
      fsevents: 2.3.2
    dev: true

  /sade/1.8.1:
    resolution: {integrity: sha512-xal3CZX1Xlo/k4ApwCFrHVACi9fBqJ7V+mwhBsuf/1IOKbBy098Fex+Wa/5QMubw09pSZ/u8EY8PWgevJsXp1A==}
    engines: {node: '>=6'}
    dependencies:
      mri: 1.2.0

  /selfsigned/2.0.1:
    resolution: {integrity: sha512-LmME957M1zOsUhG+67rAjKfiWFox3SBxE/yymatMZsAx+oMrJ0YQ8AToOnyCm7xbeg2ep37IHLxdu0o2MavQOQ==}
    engines: {node: '>=10'}
    dependencies:
      node-forge: 1.3.1
    dev: true

  /semiver/1.1.0:
    resolution: {integrity: sha512-QNI2ChmuioGC1/xjyYwyZYADILWyW6AmS1UH6gDj/SFUUUS4MBAWs/7mxnkRPc/F4iHezDP+O8t0dO8WHiEOdg==}
    engines: {node: '>=6'}
    dev: true

  /set-cookie-parser/2.4.8:
    resolution: {integrity: sha512-edRH8mBKEWNVIVMKejNnuJxleqYE/ZSdcT8/Nem9/mmosx12pctd80s2Oy00KNZzrogMZS5mauK2/ymL1bvlvg==}
    dev: true

  /sirv/2.0.2:
    resolution: {integrity: sha512-4Qog6aE29nIjAOKe/wowFTxOdmbEZKb+3tsLljaBRzJwtqto0BChD2zzH0LhgCSXiI+V7X+Y45v14wBZQ1TK3w==}
    engines: {node: '>= 10'}
    dependencies:
      '@polka/url': 1.0.0-next.21
      mrmime: 1.0.0
      totalist: 3.0.0
    dev: true

  /source-map-js/1.0.2:
    resolution: {integrity: sha512-R0XvVJ9WusLiqTCEiGCmICCMplcCkIwwR11mOSD9CR5u+IXYdiseeEuXCVAjS54zqwkLcPNnmU4OeJ6tUrWhDw==}
    engines: {node: '>=0.10.0'}
    dev: true

  /source-map-support/0.5.21:
    resolution: {integrity: sha512-uBHU3L3czsIyYXKX88fdrGovxdSCoTGDRZ6SYXtSRxLZUzHg5P/66Ht6uoUlHu9EZod+inXhKo3qQgwXUT/y1w==}
    dependencies:
      buffer-from: 1.1.2
      source-map: 0.6.1
    dev: true

  /source-map/0.6.1:
    resolution: {integrity: sha512-UjgapumWlbMhkBgzT7Ykc5YXUT46F0iKu8SGXq0bcwP5dz/h0Plj6enJqjz1Zbq2l5WaqYnrVbwWOWMyF3F47g==}
    engines: {node: '>=0.10.0'}
    dev: true

  /sourcemap-codec/1.4.8:
    resolution: {integrity: sha512-9NykojV5Uih4lgo5So5dtw+f0JgJX30KCNI8gwhz2J9A15wD0Ml6tjHKwf6fTSa6fAdVBdZeNOs9eJ71qCk8vA==}
    dev: true

  /stack-trace/0.0.10:
    resolution: {integrity: sha1-VHxws0fo0ytOEI6hoqFZ5f3eGcA=}
    dev: true

  /streamsearch/0.1.2:
    resolution: {integrity: sha1-gIudDlb8Jz2Am6VzOOkpkZoanxo=}
    engines: {node: '>=0.8.0'}
    dev: true

  /supports-preserve-symlinks-flag/1.0.0:
    resolution: {integrity: sha512-ot0WnXS9fgdkgIcePe6RHNk1WA8+muPa6cSjeR3V8K27q9BB1rTE3R1p7Hv0z1ZyAc8s6Vvv8DIyWf681MAt0w==}
    engines: {node: '>= 0.4'}
    dev: true

  /svelte-hmr/0.14.11_svelte@3.46.6:
    resolution: {integrity: sha512-R9CVfX6DXxW1Kn45Jtmx+yUe+sPhrbYSUp7TkzbW0jI5fVPn6lsNG9NEs5dFg5qRhFNAoVdRw5qQDLALNKhwbQ==}
    engines: {node: ^12.20 || ^14.13.1 || >= 16}
    peerDependencies:
      svelte: '>=3.19.0'
    dependencies:
      svelte: 3.46.6
    dev: true

  /svelte/3.46.6:
    resolution: {integrity: sha512-o9nNft/OzCz/9kJpmWa1S52GAM+huCjPIsNWydYmgei74ZWlOA9/hN9+Z12INdklghu31seEXZMRHhS1+8DETw==}
    engines: {node: '>= 8'}
    dev: true

  /totalist/3.0.0:
    resolution: {integrity: sha512-eM+pCBxXO/njtF7vdFsHuqb+ElbxqtI4r5EAvk6grfAFyJ6IvWlSkfZ5T9ozC6xWw3Fj1fGoSmrl0gUs46JVIw==}
    engines: {node: '>=6'}
    dev: true

  /unconfig/0.3.2:
    resolution: {integrity: sha512-wkvnZCGGGaIhlggzjA1J7UyuLxWgWroSNNlCXQQ+Y5eq1S2dHgA3LXoDIxnexpo6+Kdjzh+mK7CntU5t3i84Ag==}
    dependencies:
      '@antfu/utils': 0.5.0
      defu: 5.0.1
      jiti: 1.13.0
    dev: true

  /undici/4.13.0:
    resolution: {integrity: sha512-8lk8S/f2V0VUNGf2scU2b+KI2JSzEQLdCyRNRF3XmHu+5jectlSDaPSBCXAHFaUlt1rzngzOBVDgJS9/Gue/KA==}
    engines: {node: '>=12.18'}
    dev: true

  /uvu/0.5.3:
    resolution: {integrity: sha512-brFwqA3FXzilmtnIyJ+CxdkInkY/i4ErvP7uV0DnUVxQcQ55reuHphorpF+tZoVHK2MniZ/VJzI7zJQoc9T9Yw==}
    engines: {node: '>=8'}
    hasBin: true
    dependencies:
      dequal: 2.0.2
      diff: 5.0.0
      kleur: 4.1.4
      sade: 1.8.1
    dev: true

  /vite/2.9.1:
    resolution: {integrity: sha512-vSlsSdOYGcYEJfkQ/NeLXgnRv5zZfpAsdztkIrs7AZHV8RCMZQkwjo4DS5BnrYTqoWqLoUe1Cah4aVO4oNNqCQ==}
    engines: {node: '>=12.2.0'}
    hasBin: true
    peerDependencies:
      less: '*'
      sass: '*'
      stylus: '*'
    peerDependenciesMeta:
      less:
        optional: true
      sass:
        optional: true
      stylus:
        optional: true
    dependencies:
      esbuild: 0.14.34
      postcss: 8.4.12
      resolve: 1.22.0
      rollup: 2.70.1
    optionalDependencies:
      fsevents: 2.3.2
    dev: true

  /ws/8.5.0:
    resolution: {integrity: sha512-BWX0SWVgLPzYwF8lTzEy1egjhS4S4OEAHfsO8o65WOVsrnSRGaSiUaa9e0ggGlkMTtBlmOpEXiie9RUcBO86qg==}
    engines: {node: '>=10.0.0'}
    peerDependencies:
      bufferutil: ^4.0.1
      utf-8-validate: ^5.0.2
    peerDependenciesMeta:
      bufferutil:
        optional: true
      utf-8-validate:
        optional: true
    dev: true

  /youch/2.2.2:
    resolution: {integrity: sha512-/FaCeG3GkuJwaMR34GHVg0l8jCbafZLHiFowSjqLlqhC6OMyf2tPJBu8UirF7/NI9X/R5ai4QfEKUCOxMAGxZQ==}
    dependencies:
      '@types/stack-trace': 0.0.29
      cookie: 0.4.2
      mustache: 4.2.0
      stack-trace: 0.0.10
    dev: true
